
Microsoft Visual Studio Solution File, Format Version 12.00
# Blend for Visual Studio 15
VisualStudioVersion = 15.0.27004.2009
MinimumVisualStudioVersion = 10.0.40219.1
Project("{FAE04EC0-301F-11D3-BF4B-00C04F79EFBC}") = "web_menu", "web-menu\web_menu.csproj", "{6979D3E5-8712-43AE-90BA-5FA12EE66314}"
EndProject
Project("{FAE04EC0-301F-11D3-BF4B-00C04F79EFBC}") = "data_models", "data_models\data_models.csproj", "{FD211666-8456-4AEE-9A60-146BBA1E3F79}"
EndProject
Project("{FAE04EC0-301F-11D3-BF4B-00C04F79EFBC}") = "playground", "playground\playground.csproj", "{1AA38765-2430-4CFD-ABAC-5A40E9104B2C}"
EndProject
Project("{FAE04EC0-301F-11D3-BF4B-00C04F79EFBC}") = "menu_manager", "menu_manager\menu_manager.csproj", "{C5B673DC-1345-49CC-B358-1318BACBF989}"
EndProject
Global
	GlobalSection(SolutionConfigurationPlatforms) = preSolution
		Debug|Any CPU = Debug|Any CPU
		Release|Any CPU = Release|Any CPU
	EndGlobalSection
	GlobalSection(ProjectConfigurationPlatforms) = postSolution
		{6979D3E5-8712-43AE-90BA-5FA12EE66314}.Debug|Any CPU.ActiveCfg = Debug|Any CPU
		{6979D3E5-8712-43AE-90BA-5FA12EE66314}.Debug|Any CPU.Build.0 = Debug|Any CPU
		{6979D3E5-8712-43AE-90BA-5FA12EE66314}.Release|Any CPU.ActiveCfg = Release|Any CPU
		{6979D3E5-8712-43AE-90BA-5FA12EE66314}.Release|Any CPU.Build.0 = Release|Any CPU
		{FD211666-8456-4AEE-9A60-146BBA1E3F79}.Debug|Any CPU.ActiveCfg = Debug|Any CPU
		{FD211666-8456-4AEE-9A60-146BBA1E3F79}.Debug|Any CPU.Build.0 = Debug|Any CPU
		{FD211666-8456-4AEE-9A60-146BBA1E3F79}.Release|Any CPU.ActiveCfg = Release|Any CPU
		{FD211666-8456-4AEE-9A60-146BBA1E3F79}.Release|Any CPU.Build.0 = Release|Any CPU
		{1AA38765-2430-4CFD-ABAC-5A40E9104B2C}.Debug|Any CPU.ActiveCfg = Debug|Any CPU
		{1AA38765-2430-4CFD-ABAC-5A40E9104B2C}.Debug|Any CPU.Build.0 = Debug|Any CPU
		{1AA38765-2430-4CFD-ABAC-5A40E9104B2C}.Release|Any CPU.ActiveCfg = Release|Any CPU
		{1AA38765-2430-4CFD-ABAC-5A40E9104B2C}.Release|Any CPU.Build.0 = Release|Any CPU
		{C5B673DC-1345-49CC-B358-1318BACBF989}.Debug|Any CPU.ActiveCfg = Debug|Any CPU
		{C5B673DC-1345-49CC-B358-1318BACBF989}.Debug|Any CPU.Build.0 = Debug|Any CPU
		{C5B673DC-1345-49CC-B358-1318BACBF989}.Release|Any CPU.ActiveCfg = Release|Any CPU
		{C5B673DC-1345-49CC-B358-1318BACBF989}.Release|Any CPU.Build.0 = Release|Any CPU
	EndGlobalSection
	GlobalSection(SolutionProperties) = preSolution
		HideSolutionNode = FALSE
	EndGlobalSection
	GlobalSection(ExtensibilityGlobals) = postSolution
		SolutionGuid = {20D8F738-6866-4B66-95D4-8308BA240123}
	EndGlobalSection
EndGlobal
